
Microsoft Visual Studio Solution File, Format Version 12.00
# Visual Studio Version 17
VisualStudioVersion = 17.1.31911.260
MinimumVisualStudioVersion = 10.0.40219.1
Project("{9A19103F-16F7-4668-BE54-9A1E7A4F7556}") = "StarRepo.Server", "Server\StarRepo.Server.csproj", "{A84F3230-E2E5-4BE1-BCBE-20563B954154}"
EndProject
Project("{9A19103F-16F7-4668-BE54-9A1E7A4F7556}") = "StarRepo.Client", "Client\StarRepo.Client.csproj", "{F17E4418-9D54-4EEF-A8E9-E5E55A898561}"
EndProject
Project("{9A19103F-16F7-4668-BE54-9A1E7A4F7556}") = "StarRepo.Shared", "Shared\StarRepo.Shared.csproj", "{BDF13DBE-CF48-4365-AF05-1118653D3015}"
EndProject
Project("{9A19103F-16F7-4668-BE54-9A1E7A4F7556}") = "StarRepo.Domain", "StarRepo.Domain\StarRepo.Domain.csproj", "{77828268-1AD0-4A40-903A-ABC085F75E23}"
EndProject
Project("{9A19103F-16F7-4668-BE54-9A1E7A4F7556}") = "StarRepo.Data", "StarRepo.Data\StarRepo.Data.csproj", "{EBC2B5EE-CC00-4FCD-A601-92118C7BD118}"
EndProject
Global
	GlobalSection(SolutionConfigurationPlatforms) = preSolution
		Debug|Any CPU = Debug|Any CPU
		Release|Any CPU = Release|Any CPU
	EndGlobalSection
	GlobalSection(ProjectConfigurationPlatforms) = postSolution
		{A84F3230-E2E5-4BE1-BCBE-20563B954154}.Debug|Any CPU.ActiveCfg = Debug|Any CPU
		{A84F3230-E2E5-4BE1-BCBE-20563B954154}.Debug|Any CPU.Build.0 = Debug|Any CPU
		{A84F3230-E2E5-4BE1-BCBE-20563B954154}.Release|Any CPU.ActiveCfg = Release|Any CPU
		{A84F3230-E2E5-4BE1-BCBE-20563B954154}.Release|Any CPU.Build.0 = Release|Any CPU
		{F17E4418-9D54-4EEF-A8E9-E5E55A898561}.Debug|Any CPU.ActiveCfg = Debug|Any CPU
		{F17E4418-9D54-4EEF-A8E9-E5E55A898561}.Debug|Any CPU.Build.0 = Debug|Any CPU
		{F17E4418-9D54-4EEF-A8E9-E5E55A898561}.Release|Any CPU.ActiveCfg = Release|Any CPU
		{F17E4418-9D54-4EEF-A8E9-E5E55A898561}.Release|Any CPU.Build.0 = Release|Any CPU
		{BDF13DBE-CF48-4365-AF05-1118653D3015}.Debug|Any CPU.ActiveCfg = Debug|Any CPU
		{BDF13DBE-CF48-4365-AF05-1118653D3015}.Debug|Any CPU.Build.0 = Debug|Any CPU
		{BDF13DBE-CF48-4365-AF05-1118653D3015}.Release|Any CPU.ActiveCfg = Release|Any CPU
		{BDF13DBE-CF48-4365-AF05-1118653D3015}.Release|Any CPU.Build.0 = Release|Any CPU
		{77828268-1AD0-4A40-903A-ABC085F75E23}.Debug|Any CPU.ActiveCfg = Debug|Any CPU
		{77828268-1AD0-4A40-903A-ABC085F75E23}.Debug|Any CPU.Build.0 = Debug|Any CPU
		{77828268-1AD0-4A40-903A-ABC085F75E23}.Release|Any CPU.ActiveCfg = Release|Any CPU
		{77828268-1AD0-4A40-903A-ABC085F75E23}.Release|Any CPU.Build.0 = Release|Any CPU
		{EBC2B5EE-CC00-4FCD-A601-92118C7BD118}.Debug|Any CPU.ActiveCfg = Debug|Any CPU
		{EBC2B5EE-CC00-4FCD-A601-92118C7BD118}.Debug|Any CPU.Build.0 = Debug|Any CPU
		{EBC2B5EE-CC00-4FCD-A601-92118C7BD118}.Release|Any CPU.ActiveCfg = Release|Any CPU
		{EBC2B5EE-CC00-4FCD-A601-92118C7BD118}.Release|Any CPU.Build.0 = Release|Any CPU
	EndGlobalSection
	GlobalSection(SolutionProperties) = preSolution
		HideSolutionNode = FALSE
	EndGlobalSection
	GlobalSection(ExtensibilityGlobals) = postSolution
		SolutionGuid = {7C14978D-4E79-48D3-A2C9-7B813FDB5769}
	EndGlobalSection
EndGlobal
